PODS:
  - ZBFMBase/Categoty (0.6.0)
  - ZBFMMain (0.1.1):
    - ZBFMBase/Categoty

DEPENDENCIES:
  - ZBFMMain

SPEC CHECKSUMS:
  ZBFMBase: 9ec38a6a65a0e25285d6b3e4b88196360bb0b2db
  ZBFMMain: b9a0edeaf4b1aca6ccb7dd8a4b9c18f382f841df

PODFILE CHECKSUM: 24d9f649ba0265eed37ca3c9a29f149dab87269d

COCOAPODS: 1.3.1
